
Microsoft Visual Studio Solution File, Format Version 12.00
# Visual Studio Version 16
VisualStudioVersion = 25.0.1703.8
MinimumVisualStudioVersion = 10.0.40219.1
Project("{FAE04EC0-301F-11D3-BF4B-00C04F79EFBC}") = "DotNet7", "DotNet7\DotNet7.csproj", "{0FDC81D4-BC4A-439F-AFBA-29E3F121A76F}"
EndProject
Global
	GlobalSection(SolutionConfigurationPlatforms) = preSolution
		Debug|Any CPU = Debug|Any CPU
		Release|Any CPU = Release|Any CPU
	EndGlobalSection
	GlobalSection(ProjectConfigurationPlatforms) = postSolution
		{0FDC81D4-BC4A-439F-AFBA-29E3F121A76F}.Debug|Any CPU.ActiveCfg = Debug|Any CPU
		{0FDC81D4-BC4A-439F-AFBA-29E3F121A76F}.Debug|Any CPU.Build.0 = Debug|Any CPU
		{0FDC81D4-BC4A-439F-AFBA-29E3F121A76F}.Release|Any CPU.ActiveCfg = Release|Any CPU
		{0FDC81D4-BC4A-439F-AFBA-29E3F121A76F}.Release|Any CPU.Build.0 = Release|Any CPU
	EndGlobalSection
	GlobalSection(SolutionProperties) = preSolution
		HideSolutionNode = FALSE
	EndGlobalSection
	GlobalSection(ExtensibilityGlobals) = postSolution
		SolutionGuid = {D170BB04-AA88-4473-AEA3-0906D93C687F}
	EndGlobalSection
EndGlobal
